# This file is automatically @generated by Poetry 1.8.4 and should not be changed by hand.

[[package]]
name = "imagesize"
version = "1.4.1"
description = "Getting image size from png/jpeg/jpeg2000/gif file"
optional = false
python-versions = ">=2.7, !=3.0.*, !=3.1.*, !=3.2.*, !=3.3.*"
files = [
    {file = "imagesize-1.4.1-py2.py3-none-any.whl", hash = "sha256:0d8d18d08f840c19d0ee7ca1fd82490fdc3729b7ac93f49870406ddde8ef8d8b"},
    {file = "imagesize-1.4.1.tar.gz", hash = "sha256:69150444affb9cb0d5cc5a92b3676f0b2fb7cd9ae39e947a5e11a36b4497cd4a"},
]

[package.source]
type = "legacy"
url = "https://pypi.org/simple"
reference = "localpypi"

[[package]]
name = "langcodes"
version = "3.4.1"
description = "Tools for labeling human languages with IETF language tags"
optional = false
python-versions = ">=3.8"
files = [
    {file = "langcodes-3.4.1-py3-none-any.whl", hash = "sha256:68f686fc3d358f222674ecf697ddcee3ace3c2fe325083ecad2543fd28a20e77"},
    {file = "langcodes-3.4.1.tar.gz", hash = "sha256:a24879fed238013ac3af2424b9d1124e38b4a38b2044fd297c8ff38e5912e718"},
]

[package.dependencies]
language-data = ">=1.2"

[package.extras]
build = ["build", "twine"]
test = ["pytest", "pytest-cov"]

[package.source]
type = "legacy"
url = "https://pypi.org/simple"
reference = "localpypi"

[[package]]
name = "language-data"
version = "1.2.0"
description = "Supplementary data about languages used by the langcodes module"
optional = false
python-versions = "*"
files = [
    {file = "language_data-1.2.0-py3-none-any.whl", hash = "sha256:77d5cab917f91ee0b2f1aa7018443e911cf8985ef734ca2ba3940770f6a3816b"},
    {file = "language_data-1.2.0.tar.gz", hash = "sha256:82a86050bbd677bfde87d97885b17566cfe75dad3ac4f5ce44b52c28f752e773"},
]

[package.dependencies]
marisa-trie = ">=0.7.7"

[package.extras]
build = ["build", "twine"]
test = ["pytest", "pytest-cov"]

[package.source]
type = "legacy"
url = "https://pypi.org/simple"
reference = "localpypi"

[[package]]
name = "marisa-trie"
version = "1.2.1"
description = "Static memory-efficient and fast Trie-like structures for Python."
optional = false
python-versions = ">=3.7"
files = [
    {file = "marisa_trie-1.2.1-cp310-cp310-macosx_10_9_universal2.whl", hash = "sha256:a2eb41d2f9114d8b7bd66772c237111e00d2bae2260824560eaa0a1e291ce9e8"},
    {file = "marisa_trie-1.2.1-cp310-cp310-macosx_10_9_x86_64.whl", hash = "sha256:9e956e6a46f604b17d570901e66f5214fb6f658c21e5e7665deace236793cef6"},
    {file = "marisa_trie-1.2.1-cp310-cp310-macosx_11_0_arm64.whl", hash = "sha256:bd45142501300e7538b2e544905580918b67b1c82abed1275fe4c682c95635fa"},
    {file = "marisa_trie-1.2.1-cp310-cp310-manylinux_2_17_aarch64.manylinux2014_aarch64.whl", hash = "sha256:a8443d116c612cfd1961fbf76769faf0561a46d8e317315dd13f9d9639ad500c"},
    {file = "marisa_trie-1.2.1-cp310-cp310-manylinux_2_17_x86_64.manylinux2014_x86_64.whl", hash = "sha256:875a6248e60fbb48d947b574ffa4170f34981f9e579bde960d0f9a49ea393ecc"},
    {file = "marisa_trie-1.2.1-cp310-cp310-manylinux_2_5_i686.manylinux1_i686.manylinux_2_17_i686.manylinux2014_i686.whl", hash = "sha256:746a7c60a17fccd3cfcfd4326926f02ea4fcdfc25d513411a0c4fc8e4a1ca51f"},
    {file = "marisa_trie-1.2.1-cp310-cp310-musllinux_1_2_aarch64.whl", hash = "sha256:e70869737cc0e5bd903f620667da6c330d6737048d1f44db792a6af68a1d35be"},
    {file = "marisa_trie-1.2.1-cp310-cp310-musllinux_1_2_i686.whl", hash = "sha256:06b099dd743676dbcd8abd8465ceac8f6d97d8bfaabe2c83b965495523b4cef2"},
    {file = "marisa_trie-1.2.1-cp310-cp310-musllinux_1_2_x86_64.whl", hash = "sha256:d2a82eb21afdaf22b50d9b996472305c05ca67fc4ff5a026a220320c9c961db6"},
    {file = "marisa_trie-1.2.1-cp310-cp310-win32.whl", hash = "sha256:8951e7ce5d3167fbd085703b4cbb3f47948ed66826bef9a2173c379508776cf5"},
    {file = "marisa_trie-1.2.1-cp310-cp310-win_amd64.whl", hash = "sha256:5685a14b3099b1422c4f59fa38b0bf4b5342ee6cc38ae57df9666a0b28eeaad3"},
    {file = "marisa_trie-1.2.1-cp311-cp311-macosx_10_9_universal2.whl", hash = "sha256:ed3fb4ed7f2084597e862bcd56c56c5529e773729a426c083238682dba540e98"},
    {file = "marisa_trie-1.2.1-cp311-cp311-macosx_10_9_x86_64.whl", hash = "sha256:0fe69fb9ffb2767746181f7b3b29bbd3454d1d24717b5958e030494f3d3cddf3"},
    {file = "marisa_trie-1.2.1-cp311-cp311-macosx_11_0_arm64.whl", hash = "sha256:4728ed3ae372d1ea2cdbd5eaa27b8f20a10e415d1f9d153314831e67d963f281"},
    {file = "marisa_trie-1.2.1-cp311-cp311-manylinux_2_17_aarch64.manylinux2014_aarch64.whl", hash = "sha256:8cf4f25cf895692b232f49aa5397af6aba78bb679fb917a05fce8d3cb1ee446d"},
    {file = "marisa_trie-1.2.1-cp311-cp311-manylinux_2_17_x86_64.manylinux2014_x86_64.whl", hash = "sha256:7cca7f96236ffdbf49be4b2e42c132e3df05968ac424544034767650913524de"},
    {file = "marisa_trie-1.2.1-cp311-cp311-manylinux_2_5_i686.manylinux1_i686.manylinux_2_17_i686.manylinux2014_i686.whl", hash = "sha256:d7eb20bf0e8b55a58d2a9b518aabc4c18278787bdba476c551dd1c1ed109e509"},
    {file = "marisa_trie-1.2.1-cp311-cp311-musllinux_1_2_aarch64.whl", hash = "sha256:b1ec93f0d1ee6d7ab680a6d8ea1a08bf264636358e92692072170032dda652ba"},
    {file = "marisa_trie-1.2.1-cp311-cp311-musllinux_1_2_i686.whl", hash = "sha256:e2699255d7ac610dee26d4ae7bda5951d05c7d9123a22e1f7c6a6f1964e0a4e4"},
    {file = "marisa_trie-1.2.1-cp311-cp311-musllinux_1_2_x86_64.whl", hash = "sha256:c484410911182457a8a1a0249d0c09c01e2071b78a0a8538cd5f7fa45589b13a"},
    {file = "marisa_trie-1.2.1-cp311-cp311-win32.whl", hash = "sha256:ad548117744b2bcf0e3d97374608be0a92d18c2af13d98b728d37cd06248e571"},
    {file = "marisa_trie-1.2.1-cp311-cp311-win_amd64.whl", hash = "sha256:436f62d27714970b9cdd3b3c41bdad046f260e62ebb0daa38125ef70536fc73b"},
    {file = "marisa_trie-1.2.1-cp312-cp312-macosx_10_13_universal2.whl", hash = "sha256:638506eacf20ca503fff72221a7e66a6eadbf28d6a4a6f949fcf5b1701bb05ec"},
    {file = "marisa_trie-1.2.1-cp312-cp312-macosx_10_13_x86_64.whl", hash = "sha256:de1665eaafefa48a308e4753786519888021740501a15461c77bdfd57638e6b4"},
    {file = "marisa_trie-1.2.1-cp312-cp312-macosx_11_0_arm64.whl", hash = "sha256:f713af9b8aa66a34cd3a78c7d150a560a75734713abe818a69021fd269e927fa"},
    {file = "marisa_trie-1.2.1-cp312-cp312-manylinux_2_17_aarch64.manylinux2014_aarch64.whl", hash = "sha256:b2a7d00f53f4945320b551bccb826b3fb26948bde1a10d50bb9802fabb611b10"},
    {file = "marisa_trie-1.2.1-cp312-cp312-manylinux_2_17_x86_64.manylinux2014_x86_64.whl", hash = "sha256:98042040d1d6085792e8d0f74004fc0f5f9ca6091c298f593dd81a22a4643854"},
    {file = "marisa_trie-1.2.1-cp312-cp312-manylinux_2_5_i686.manylinux1_i686.manylinux_2_17_i686.manylinux2014_i686.whl", hash = "sha256:6532615111eec2c79e711965ece0bc95adac1ff547a7fff5ffca525463116deb"},
    {file = "marisa_trie-1.2.1-cp312-cp312-musllinux_1_2_aarch64.whl", hash = "sha256:20948e40ab2038e62b7000ca6b4a913bc16c91a2c2e6da501bd1f917eeb28d51"},
    {file = "marisa_trie-1.2.1-cp312-cp312-musllinux_1_2_i686.whl", hash = "sha256:66b23e5b35dd547f85bf98db7c749bc0ffc57916ade2534a6bbc32db9a4abc44"},
    {file = "marisa_trie-1.2.1-cp312-cp312-musllinux_1_2_x86_64.whl", hash = "sha256:6704adf0247d2dda42e876b793be40775dff46624309ad99bc7537098bee106d"},
    {file = "marisa_trie-1.2.1-cp312-cp312-win32.whl", hash = "sha256:3ad356442c2fea4c2a6f514738ddf213d23930f942299a2b2c05df464a00848a"},
    {file = "marisa_trie-1.2.1-cp312-cp312-win_amd64.whl", hash = "sha256:f2806f75817392cedcacb24ac5d80b0350dde8d3861d67d045c1d9b109764114"},
    {file = "marisa_trie-1.2.1-cp313-cp313-macosx_10_13_universal2.whl", hash = "sha256:b5ea16e69bfda0ac028c921b58de1a4aaf83d43934892977368579cd3c0a2554"},
    {file = "marisa_trie-1.2.1-cp313-cp313-macosx_10_13_x86_64.whl", hash = "sha256:9f627f4e41be710b6cb6ed54b0128b229ac9d50e2054d9cde3af0fef277c23cf"},
    {file = "marisa_trie-1.2.1-cp313-cp313-macosx_11_0_arm64.whl", hash = "sha256:5e649f3dc8ab5476732094f2828cc90cac3be7c79bc0c8318b6fda0c1d248db4"},
    {file = "marisa_trie-1.2.1-cp313-cp313-manylinux_2_17_aarch64.manylinux2014_aarch64.whl", hash = "sha256:46e528ee71808c961baf8c3ce1c46a8337ec7a96cc55389d11baafe5b632f8e9"},
    {file = "marisa_trie-1.2.1-cp313-cp313-manylinux_2_17_x86_64.manylinux2014_x86_64.whl", hash = "sha256:36aa4401a1180615f74d575571a6550081d84fc6461e9aefc0bb7b2427af098e"},
    {file = "marisa_trie-1.2.1-cp313-cp313-manylinux_2_5_i686.manylinux1_i686.manylinux_2_17_i686.manylinux2014_i686.whl", hash = "sha256:ce59bcd2cda9bb52b0e90cc7f36413cd86c3d0ce7224143447424aafb9f4aa48"},
    {file = "marisa_trie-1.2.1-cp313-cp313-musllinux_1_2_aarch64.whl", hash = "sha256:f4cd800704a5fc57e53c39c3a6b0c9b1519ebdbcb644ede3ee67a06eb542697d"},
    {file = "marisa_trie-1.2.1-cp313-cp313-musllinux_1_2_i686.whl", hash = "sha256:2428b495003c189695fb91ceeb499f9fcced3a2dce853e17fa475519433c67ff"},
    {file = "marisa_trie-1.2.1-cp313-cp313-musllinux_1_2_x86_64.whl", hash = "sha256:735c363d9aaac82eaf516a28f7c6b95084c2e176d8231c87328dc80e112a9afa"},
    {file = "marisa_trie-1.2.1-cp313-cp313-win32.whl", hash = "sha256:eba6ca45500ca1a042466a0684aacc9838e7f20fe2605521ee19f2853062798f"},
    {file = "marisa_trie-1.2.1-cp313-cp313-win_amd64.whl", hash = "sha256:aa7cd17e1c690ce96c538b2f4aae003d9a498e65067dd433c52dd069009951d4"},
    {file = "marisa_trie-1.2.1-cp37-cp37m-macosx_10_9_x86_64.whl", hash = "sha256:5e43891a37b0d7f618819fea14bd951289a0a8e3dd0da50c596139ca83ebb9b1"},
    {file = "marisa_trie-1.2.1-cp37-cp37m-manylinux_2_17_aarch64.manylinux2014_aarch64.whl", hash = "sha256:6946100a43f933fad6bc458c502a59926d80b321d5ac1ed2ff9c56605360496f"},
    {file = "marisa_trie-1.2.1-cp37-cp37m-manylinux_2_17_x86_64.manylinux2014_x86_64.whl", hash = "sha256:a4177dc0bd1374e82be9b2ba4d0c2733b0a85b9d154ceeea83a5bee8c1e62fbf"},
    {file = "marisa_trie-1.2.1-cp37-cp37m-manylinux_2_5_i686.manylinux1_i686.manylinux_2_17_i686.manylinux2014_i686.whl", hash = "sha256:f35c2603a6be168088ed1db6ad1704b078aa8f39974c60888fbbced95dcadad4"},
    {file = "marisa_trie-1.2.1-cp37-cp37m-musllinux_1_2_aarch64.whl", hash = "sha256:d659fda873d8dcb2c14c2c331de1dee21f5a902d7f2de7978b62c6431a8850ef"},
    {file = "marisa_trie-1.2.1-cp37-cp37m-musllinux_1_2_i686.whl", hash = "sha256:b0ef26733d3c836be79e812071e1a431ce1f807955a27a981ebb7993d95f842b"},
    {file = "marisa_trie-1.2.1-cp37-cp37m-musllinux_1_2_x86_64.whl", hash = "sha256:536ea19ce6a2ce61c57fed4123ecd10d18d77a0db45cd2741afff2b8b68f15b3"},
    {file = "marisa_trie-1.2.1-cp37-cp37m-win32.whl", hash = "sha256:0ee6cf6a16d9c3d1c94e21c8e63c93d8b34bede170ca4e937e16e1c0700d399f"},
    {file = "marisa_trie-1.2.1-cp37-cp37m-win_amd64.whl", hash = "sha256:7e7b1786e852e014d03e5f32dbd991f9a9eb223dd3fa9a2564108b807e4b7e1c"},
    {file = "marisa_trie-1.2.1-cp38-cp38-macosx_10_9_universal2.whl", hash = "sha256:952af3a5859c3b20b15a00748c36e9eb8316eb2c70bd353ae1646da216322908"},
    {file = "marisa_trie-1.2.1-cp38-cp38-macosx_10_9_x86_64.whl", hash = "sha256:24a81aa7566e4ec96fc4d934581fe26d62eac47fc02b35fa443a0bb718b471e8"},
    {file = "marisa_trie-1.2.1-cp38-cp38-macosx_11_0_arm64.whl", hash = "sha256:9c9b32b14651a6dcf9e8857d2df5d29d322a1ea8c0be5c8ffb88f9841c4ec62b"},
    {file = "marisa_trie-1.2.1-cp38-cp38-manylinux_2_17_aarch64.manylinux2014_aarch64.whl", hash = "sha256:7ac170d20b97beb75059ba65d1ccad6b434d777c8992ab41ffabdade3b06dd74"},
    {file = "marisa_trie-1.2.1-cp38-cp38-manylinux_2_17_x86_64.manylinux2014_x86_64.whl", hash = "sha256:da4e4facb79614cc4653cfd859f398e4db4ca9ab26270ff12610e50ed7f1f6c6"},
    {file = "marisa_trie-1.2.1-cp38-cp38-manylinux_2_5_i686.manylinux1_i686.manylinux_2_17_i686.manylinux2014_i686.whl", hash = "sha256:25688f34cac3bec01b4f655ffdd6c599a01f0bd596b4a79cf56c6f01a7df3560"},
    {file = "marisa_trie-1.2.1-cp38-cp38-musllinux_1_2_aarch64.whl", hash = "sha256:1db3213b451bf058d558f6e619bceff09d1d130214448a207c55e1526e2773a1"},
    {file = "marisa_trie-1.2.1-cp38-cp38-musllinux_1_2_i686.whl", hash = "sha256:d5648c6dcc5dc9200297fb779b1663b8a4467bda034a3c69bd9c32d8afb33b1d"},
    {file = "marisa_trie-1.2.1-cp38-cp38-musllinux_1_2_x86_64.whl", hash = "sha256:5bd39a4e1cc839a88acca2889d17ebc3f202a5039cd6059a13148ce75c8a6244"},
    {file = "marisa_trie-1.2.1-cp38-cp38-win32.whl", hash = "sha256:594f98491a96c7f1ffe13ce292cef1b4e63c028f0707effdea0f113364c1ae6c"},
    {file = "marisa_trie-1.2.1-cp38-cp38-win_amd64.whl", hash = "sha256:5fe5a286f997848a410eebe1c28657506adaeb405220ee1e16cfcfd10deb37f2"},
    {file = "marisa_trie-1.2.1-cp39-cp39-macosx_10_9_universal2.whl", hash = "sha256:c0fe2ace0cb1806badbd1c551a8ec2f8d4cf97bf044313c082ef1acfe631ddca"},
    {file = "marisa_trie-1.2.1-cp39-cp39-macosx_10_9_x86_64.whl", hash = "sha256:67f0c2ec82c20a02c16fc9ba81dee2586ef20270127c470cb1054767aa8ba310"},
    {file = "marisa_trie-1.2.1-cp39-cp39-macosx_11_0_arm64.whl", hash = "sha256:a3c98613180cf1730e221933ff74b454008161b1a82597e41054127719964188"},
    {file = "marisa_trie-1.2.1-cp39-cp39-manylinux_2_17_aarch64.manylinux2014_aarch64.whl", hash = "sha256:429858a0452a7bedcf67bc7bb34383d00f666c980cb75a31bcd31285fbdd4403"},
    {file = "marisa_trie-1.2.1-cp39-cp39-manylinux_2_17_x86_64.manylinux2014_x86_64.whl", hash = "sha256:b2eacb84446543082ec50f2fb563f1a94c96804d4057b7da8ed815958d0cdfbe"},
    {file = "marisa_trie-1.2.1-cp39-cp39-manylinux_2_5_i686.manylinux1_i686.manylinux_2_17_i686.manylinux2014_i686.whl", hash = "sha256:852d7bcf14b0c63404de26e7c4c8d5d65ecaeca935e93794331bc4e2f213660b"},
    {file = "marisa_trie-1.2.1-cp39-cp39-musllinux_1_2_aarch64.whl", hash = "sha256:e58788004adda24c401d1751331618ed20c507ffc23bfd28d7c0661a1cf0ad16"},
    {file = "marisa_trie-1.2.1-cp39-cp39-musllinux_1_2_i686.whl", hash = "sha256:aefe0973cc4698e0907289dc0517ab0c7cdb13d588201932ff567d08a50b0e2e"},
    {file = "marisa_trie-1.2.1-cp39-cp39-musllinux_1_2_x86_64.whl", hash = "sha256:6c50c861faad0a5c091bd763e0729f958c316e678dfa065d3984fbb9e4eacbcd"},
    {file = "marisa_trie-1.2.1-cp39-cp39-win32.whl", hash = "sha256:b1ce340da608530500ab4f963f12d6bfc8d8680900919a60dbdc9b78c02060a4"},
    {file = "marisa_trie-1.2.1-cp39-cp39-win_amd64.whl", hash = "sha256:ce37d8ca462bb64cc13f529b9ed92f7b21fe8d1f1679b62e29f9cb7d0e888b49"},
    {file = "marisa_trie-1.2.1.tar.gz", hash = "sha256:3a27c408e2aefc03e0f1d25b2ff2afb85aac3568f6fa2ae2a53b57a2e87ce29d"},
]

[package.dependencies]
setuptools = "*"

[package.extras]
test = ["hypothesis", "pytest", "readme-renderer"]

[package.source]
type = "legacy"
url = "https://pypi.org/simple"
reference = "localpypi"

[[package]]
name = "python-magic"
version = "0.4.27"
description = "File type identification using libmagic"
optional = false
python-versions = ">=2.7, !=3.0.*, !=3.1.*, !=3.2.*, !=3.3.*, !=3.4.*"
files = [
    {file = "python-magic-0.4.27.tar.gz", hash = "sha256:c1ba14b08e4a5f5c31a302b7721239695b2f0f058d125bd5ce1ee36b9d9d3c3b"},
    {file = "python_magic-0.4.27-py2.py3-none-any.whl", hash = "sha256:c212960ad306f700aa0d01e5d7a325d20548ff97eb9920dcd29513174f0294d3"},
]

[package.source]
type = "legacy"
url = "https://pypi.org/simple"
reference = "localpypi"

[[package]]
name = "setuptools"
version = "75.3.0"
description = "Easily download, build, install, upgrade, and uninstall Python packages"
optional = false
python-versions = ">=3.8"
files = [
    {file = "setuptools-75.3.0-py3-none-any.whl", hash = "sha256:f2504966861356aa38616760c0f66568e535562374995367b4e69c7143cf6bcd"},
    {file = "setuptools-75.3.0.tar.gz", hash = "sha256:fba5dd4d766e97be1b1681d98712680ae8f2f26d7881245f2ce9e40714f1a686"},
]

[package.extras]
check = ["pytest-checkdocs (>=2.4)", "pytest-ruff (>=0.2.1)", "ruff (>=0.5.2)"]
core = ["importlib-metadata (>=6)", "importlib-resources (>=5.10.2)", "jaraco.collections", "jaraco.functools", "jaraco.text (>=3.7)", "more-itertools", "more-itertools (>=8.8)", "packaging", "packaging (>=24)", "platformdirs (>=4.2.2)", "tomli (>=2.0.1)", "wheel (>=0.43.0)"]
cover = ["pytest-cov"]
doc = ["furo", "jaraco.packaging (>=9.3)", "jaraco.tidelift (>=1.4)", "pygments-github-lexers (==0.0.5)", "pyproject-hooks (!=1.1)", "rst.linker (>=1.9)", "sphinx (>=3.5)", "sphinx-favicon", "sphinx-inline-tabs", "sphinx-lint", "sphinx-notfound-page (>=1,<2)", "sphinx-reredirects", "sphinxcontrib-towncrier", "towncrier (<24.7)"]
enabler = ["pytest-enabler (>=2.2)"]
test = ["build[virtualenv] (>=1.0.3)", "filelock (>=3.4.0)", "ini2toml[lite] (>=0.14)", "jaraco.develop (>=7.21)", "jaraco.envs (>=2.2)", "jaraco.path (>=3.2.0)", "jaraco.test (>=5.5)", "packaging (>=23.2)", "pip (>=19.1)", "pyproject-hooks (!=1.1)", "pytest (>=6,!=8.1.*)", "pytest-home (>=0.5)", "pytest-perf", "pytest-subprocess", "pytest-timeout", "pytest-xdist (>=3)", "tomli-w (>=1.0.0)", "virtualenv (>=13.0.0)", "wheel (>=0.44.0)"]
type = ["importlib-metadata (>=7.0.2)", "jaraco.develop (>=7.21)", "mypy (==1.12.*)", "pytest-mypy"]

[package.source]
type = "legacy"
url = "https://pypi.org/simple"
reference = "localpypi"

[[package]]
name = "xmltodict"
version = "0.13.0"
description = "Makes working with XML feel like you are working with JSON"
optional = false
python-versions = ">=3.4"
files = [
    {file = "xmltodict-0.13.0-py2.py3-none-any.whl", hash = "sha256:aa89e8fd76320154a40d19a0df04a4695fb9dc5ba977cbb68ab3e4eb225e7852"},
    {file = "xmltodict-0.13.0.tar.gz", hash = "sha256:341595a488e3e01a85a9d8911d8912fd922ede5fecc4dce437eb4b6c8d037e56"},
]

[package.source]
type = "legacy"
url = "https://pypi.org/simple"
reference = "localpypi"

[metadata]
lock-version = "2.0"
python-versions = "^3.8"
content-hash = "5f887ccfc9c3817374f5953557b7bb16a7e462e9b928d1f5a0312846429ee38d"
